// !$*UTF8*$!
{
	archiveVersion = 1;
	classes = {
	};
	objectVersion = 46;
	objects = {

/* Begin PBXBuildFile section */
		F131B0B41BD16D8400E8E429 /* AppDelegate.swift in Sources */ = {isa = PBXBuildFile; fileRef = F131B0B31BD16D8400E8E429 /* AppDelegate.swift */; };
		F131B0B61BD16D8400E8E429 /* ViewController.swift in Sources */ = {isa = PBXBuildFile; fileRef = F131B0B51BD16D8400E8E429 /* ViewController.swift */; };
		F131B0B91BD16D8400E8E429 /* Main.storyboard in Resources */ = {isa = PBXBuildFile; fileRef = F131B0B71BD16D8400E8E429 /* Main.storyboard */; };
		F131B0BB1BD16D8400E8E429 /* Assets.xcassets in Resources */ = {isa = PBXBuildFile; fileRef = F131B0BA1BD16D8400E8E429 /* Assets.xcassets */; };
		F131B0BE1BD16D8400E8E429 /* LaunchScreen.storyboard in Resources */ = {isa = PBXBuildFile; fileRef = F131B0BC1BD16D8400E8E429 /* LaunchScreen.storyboard */; };
/* End PBXBuildFile section */

/* Begin PBXFileReference section */
		F131B0B01BD16D8400E8E429 /* Agenda.app */ = {isa = PBXFileReference; explicitFileType = wrapper.application; includeInIndex = 0; path = Agenda.app; sourceTree = BUILT_PRODUCTS_DIR; };
		F131B0B31BD16D8400E8E429 /* AppDelegate.swift */ = {isa = PBXFileReference; lastKnownFileType = sourcecode.swift; path = AppDelegate.swift; sourceTree = "<group>"; };
		F131B0B51BD16D8400E8E429 /* ViewController.swift */ = {isa = PBXFileReference; lastKnownFileType = sourcecode.swift; path = ViewController.swift; sourceTree = "<group>"; };
		F131B0B81BD16D8400E8E429 /* Base */ = {isa = PBXFileReference; lastKnownFileType = file.storyboard; name = Base; path = Base.lproj/Main.storyboard; sourceTree = "<group>"; };
		F131B0BA1BD16D8400E8E429 /* Assets.xcassets */ = {isa = PBXFileReference; lastKnownFileType = folder.assetcatalog; path = Assets.xcassets; sourceTree = "<group>"; };
		F131B0BD1BD16D8400E8E429 /* Base */ = {isa = PBXFileReference; lastKnownFileType = file.storyboard; name = Base; path = Base.lproj/LaunchScreen.storyboard; sourceTree = "<group>"; };
		F131B0BF1BD16D8400E8E429 /* Info.plist */ = {isa = PBXFileReference; lastKnownFileType = text.plist.xml; path = Info.plist; sourceTree = "<group>"; };
/* End PBXFileReference section */

/* Begin PBXFrameworksBuildPhase section */
		F131B0AD1BD16D8400E8E429 /* Frameworks */ = {
			isa = PBXFrameworksBuildPhase;
			buildActionMask = 2147483647;
			files = (
			);
			runOnlyForDeploymentPostprocessing = 0;
		};
/* End PBXFrameworksBuildPhase section */

/* Begin PBXGroup section */
		F131B0A71BD16D8400E8E429 = {
			isa = PBXGroup;
			children = (
				F131B0B21BD16D8400E8E429 /* Agenda */,
				F131B0B11BD16D8400E8E429 /* Products */,
			);
			sourceTree = "<group>";
		};
		F131B0B11BD16D8400E8E429 /* Products */ = {
			isa = PBXGroup;
			children = (
				F131B0B01BD16D8400E8E429 /* Agenda.app */,
			);
			name = Products;
			sourceTree = "<group>";
		};
		F131B0B21BD16D8400E8E429 /* Agenda */ = {
			isa = PBXGroup;
			children = (
				F131B0B31BD16D8400E8E429 /* AppDelegate.swift */,
				F131B0B51BD16D8400E8E429 /* ViewController.swift */,
				F131B0B71BD16D8400E8E429 /* Main.storyboard */,
				F131B0BA1BD16D8400E8E429 /* Assets.xcassets */,
				F131B0BC1BD16D8400E8E429 /* LaunchScreen.storyboard */,
				F131B0BF1BD16D8400E8E429 /* Info.plist */,
			);
			path = Agenda;
			sourceTree = "<group>";
		};
/* End PBXGroup section */

/* Begin PBXNativeTarget section */
		F131B0AF1BD16D8400E8E429 /* Agenda */ = {
			isa = PBXNativeTarget;
			buildConfigurationList = F131B0C21BD16D8400E8E429 /* Build configuration list for PBXNativeTarget "Agenda" */;
			buildPhases = (
				F131B0AC1BD16D8400E8E429 /* Sources */,
				F131B0AD1BD16D8400E8E429 /* Frameworks */,
				F131B0AE1BD16D8400E8E429 /* Resources */,
			);
			buildRules = (
			);
			dependencies = (
			);
			name = Agenda;
			productName = Agenda;
			productReference = F131B0B01BD16D8400E8E429 /* Agenda.app */;
			productType = "com.apple.product-type.application";
		};
/* End PBXNativeTarget section */

/* Begin PBXProject section */
		F131B0A81BD16D8400E8E429 /* Project object */ = {
			isa = PBXProject;
			attributes = {
				LastUpgradeCheck = 0700;
				ORGANIZATIONNAME = "Phillips Academy Launch Pad";
				TargetAttributes = {
					F131B0AF1BD16D8400E8E429 = {
						CreatedOnToolsVersion = 7.0.1;
					};
				};
			};
			buildConfigurationList = F131B0AB1BD16D8400E8E429 /* Build configuration list for PBXProject "Agenda" */;
			compatibilityVersion = "Xcode 3.2";
			developmentRegion = English;
			hasScannedForEncodings = 0;
			knownRegions = (
				en,
				Base,
			);
			mainGroup = F131B0A71BD16D8400E8E429;
			productRefGroup = F131B0B11BD16D8400E8E429 /* Products */;
			projectDirPath = "";
			projectRoot = "";
			targets = (
				F131B0AF1BD16D8400E8E429 /* Agenda */,
			);
		};
/* End PBXProject section */

/* Begin PBXResourcesBuildPhase section */
		F131B0AE1BD16D8400E8E429 /* Resources */ = {
			isa = PBXResourcesBuildPhase;
			buildActionMask = 2147483647;
			files = (
				F131B0BE1BD16D8400E8E429 /* LaunchScreen.storyboard in Resources */,
				F131B0BB1BD16D8400E8E429 /* Assets.xcassets in Resources */,
				F131B0B91BD16D8400E8E429 /* Main.storyboard in Resources */,
			);
			runOnlyForDeploymentPostprocessing = 0;
		};
/* End PBXResourcesBuildPhase section */

/* Begin PBXSourcesBuildPhase section */
		F131B0AC1BD16D8400E8E429 /* Sources */ = {
			isa = PBXSourcesBuildPhase;
			buildActionMask = 2147483647;
			files = (
				F131B0B61BD16D8400E8E429 /* ViewController.swift in Sources */,
				F131B0B41BD16D8400E8E429 /* AppDelegate.swift in Sources */,
			);
			runOnlyForDeploymentPostprocessing = 0;
		};
/* End PBXSourcesBuildPhase section */

/* Begin PBXVariantGroup section */
		F131B0B71BD16D8400E8E429 /* Main.storyboard */ = {
			isa = PBXVariantGroup;
			children = (
				F131B0B81BD16D8400E8E429 /* Base */,
			);
			name = Main.storyboard;
			sourceTree = "<group>";
		};
		F131B0BC1BD16D8400E8E429 /* LaunchScreen.storyboard */ = {
			isa = PBXVariantGroup;
			children = (
				F131B0BD1BD16D8400E8E429 /* Base */,
			);
			name = LaunchScreen.storyboard;
			sourceTree = "<group>";
		};
/* End PBXVariantGroup section */

/* Begin XCBuildConfiguration section */
		F131B0C01BD16D8400E8E429 /* Debug */ = {
			isa = XCBuildConfiguration;
			buildSettings = {
				ALWAYS_SEARCH_USER_PATHS = NO;
				CLANG_CXX_LANGUAGE_STANDARD = "gnu++0x";
				CLANG_CXX_LIBRARY = "libc++";
				CLANG_ENABLE_MODULES = YES;
				CLANG_ENABLE_OBJC_ARC = YES;
				CLANG_WARN_BOOL_CONVERSION = YES;
				CLANG_WARN_CONSTANT_CONVERSION = YES;
				CLANG_WARN_DIRECT_OBJC_ISA_USAGE = YES_ERROR;
				CLANG_WARN_EMPTY_BODY = YES;
				CLANG_WARN_ENUM_CONVERSION = YES;
				CLANG_WARN_INT_CONVERSION = YES;
				CLANG_WARN_OBJC_ROOT_CLASS = YES_ERROR;
				CLANG_WARN_UNREACHABLE_CODE = YES;
				CLANG_WARN__DUPLICATE_METHOD_MATCH = YES;
				"CODE_SIGN_IDENTITY[sdk=iphoneos*]" = "iPhone Developer";
				COPY_PHASE_STRIP = NO;
				DEBUG_INFORMATION_FORMAT = dwarf;
				ENABLE_STRICT_OBJC_MSGSEND = YES;
				ENABLE_TESTABILITY = YES;
				GCC_C_LANGUAGE_STANDARD = gnu99;
				GCC_DYNAMIC_NO_PIC = NO;
				GCC_NO_COMMON_BLOCKS = YES;
				GCC_OPTIMIZATION_LEVEL = 0;
				GCC_PREPROCESSOR_DEFINITIONS = (
					"DEBUG=1",
					"$(inherited)",
				);
				GCC_WARN_64_TO_32_BIT_CONVERSION = YES;
				GCC_WARN_ABOUT_RETURN_TYPE = YES_ERROR;
				GCC_WARN_UNDECLARED_SELECTOR = YES;
				GCC_WARN_UNINITIALIZED_AUTOS = YES_AGGRESSIVE;
				GCC_WARN_UNUSED_FUNCTION = YES;
				GCC_WARN_UNUSED_VARIABLE = YES;
				IPHONEOS_DEPLOYMENT_TARGET = 9.0;
				MTL_ENABLE_DEBUG_INFO = YES;
				ONLY_ACTIVE_ARCH = YES;
				SDKROOT = iphoneos;
				SWIFT_OPTIMIZATION_LEVEL = "-Onone";
			};
			name = Debug;
		};
		F131B0C11BD16D8400E8E429 /* Release */ = {
			isa = XCBuildConfiguration;
			buildSettings = {
				ALWAYS_SEARCH_USER_PATHS = NO;
				CLANG_CXX_LANGUAGE_STANDARD = "gnu++0x";
				CLANG_CXX_LIBRARY = "libc++";
				CLANG_ENABLE_MODULES = YES;
				CLANG_ENABLE_OBJC_ARC = YES;
				CLANG_WARN_BOOL_CONVERSION = YES;
				CLANG_WARN_CONSTANT_CONVERSION = YES;
				CLANG_WARN_DIRECT_OBJC_ISA_USAGE = YES_ERROR;
				CLANG_WARN_EMPTY_BODY = YES;
				CLANG_WARN_ENUM_CONVERSION = YES;
				CLANG_WARN_INT_CONVERSION = YES;
				CLANG_WARN_OBJC_ROOT_CLASS = YES_ERROR;
				CLANG_WARN_UNREACHABLE_CODE = YES;
				CLANG_WARN__DUPLICATE_METHOD_MATCH = YES;
				"CODE_SIGN_IDENTITY[sdk=iphoneos*]" = "iPhone Developer";
				COPY_PHASE_STRIP = NO;
				DEBUG_INFORMATION_FORMAT = "dwarf-with-dsym";
				ENABLE_NS_ASSERTIONS = NO;
				ENABLE_STRICT_OBJC_MSGSEND = YES;
				GCC_C_LANGUAGE_STANDARD = gnu99;
				GCC_NO_COMMON_BLOCKS = YES;
				GCC_WARN_64_TO_32_BIT_CONVERSION = YES;
				GCC_WARN_ABOUT_RETURN_TYPE = YES_ERROR;
				GCC_WARN_UNDECLARED_SELECTOR = YES;
				GCC_WARN_UNINITIALIZED_AUTOS = YES_AGGRESSIVE;
				GCC_WARN_UNUSED_FUNCTION = YES;
				GCC_WARN_UNUSED_VARIABLE = YES;
				IPHONEOS_DEPLOYMENT_TARGET = 9.0;
				MTL_ENABLE_DEBUG_INFO = NO;
				SDKROOT = iphoneos;
				VALIDATE_PRODUCT = YES;
			};
			name = Release;
		};
		F131B0C31BD16D8400E8E429 /* Debug */ = {
			isa = XCBuildConfiguration;
			buildSettings = {
				ASSETCATALOG_COMPILER_APPICON_NAME = AppIcon;
				INFOPLIST_FILE = Agenda/Info.plist;
				LD_RUNPATH_SEARCH_PATHS = "$(inherited) @executable_path/Frameworks";
				PRODUCT_BUNDLE_IDENTIFIER = org.launchpad.phillipsacademy.Agenda;
				PRODUCT_NAME = "$(TARGET_NAME)";
			};
			name = Debug;
		};
		F131B0C41BD16D8400E8E429 /* Release */ = {
			isa = XCBuildConfiguration;
			buildSettings = {
				ASSETCATALOG_COMPILER_APPICON_NAME = AppIcon;
				INFOPLIST_FILE = Agenda/Info.plist;
				LD_RUNPATH_SEARCH_PATHS = "$(inherited) @executable_path/Frameworks";
				PRODUCT_BUNDLE_IDENTIFIER = org.launchpad.phillipsacademy.Agenda;
				PRODUCT_NAME = "$(TARGET_NAME)";
			};
			name = Release;
		};
/* End XCBuildConfiguration section */

/* Begin XCConfigurationList section */
		F131B0AB1BD16D8400E8E429 /* Build configuration list for PBXProject "Agenda" */ = {
			isa = XCConfigurationList;
			buildConfigurations = (
				F131B0C01BD16D8400E8E429 /* Debug */,
				F131B0C11BD16D8400E8E429 /* Release */,
			);
			defaultConfigurationIsVisible = 0;
			defaultConfigurationName = Release;
		};
		F131B0C21BD16D8400E8E429 /* Build configuration list for PBXNativeTarget "Agenda" */ = {
			isa = XCConfigurationList;
			buildConfigurations = (
				F131B0C31BD16D8400E8E429 /* Debug */,
				F131B0C41BD16D8400E8E429 /* Release */,
			);
			defaultConfigurationIsVisible = 0;
		};
/* End XCConfigurationList section */
	};
	rootObject = F131B0A81BD16D8400E8E429 /* Project object */;
}
